
Microsoft Visual Studio Solution File, Format Version 12.00
# Visual Studio Version 16
VisualStudioVersion = 16.0.32106.194
MinimumVisualStudioVersion = 10.0.40219.1
Project("{9A19103F-16F7-4668-BE54-9A1E7A4F7556}") = "BGCRestaurants.Api", ".\BGCRestaurants\BGCRestaurants.Api.csproj", "{0D7BA2C1-BE52-4794-A4C7-DF52C7AB8913}"
EndProject
Project("{9A19103F-16F7-4668-BE54-9A1E7A4F7556}") = "BGCRestaurants.Db", ".\BGCRestaurantsDb\BGCRestaurants.Db.csproj", "{93B2E2A3-0E9B-4FCF-88A1-DA464ED0AC8A}"
EndProject
Project("{9A19103F-16F7-4668-BE54-9A1E7A4F7556}") = "BGCRestaurants.Entities", ".\BGCRestaurants.Entities\BGCRestaurants.Entities.csproj", "{F94B2021-DE47-44C3-B1A7-39D41D98E38C}"
EndProject
Project("{FAE04EC0-301F-11D3-BF4B-00C04F79EFBC}") = "BGRestaurants.Domain", ".\BGRestaurants.Domain\BGRestaurants.Domain.csproj", "{1BC78671-17C0-4BEC-BD52-63A826C267C2}"
EndProject
Project("{FAE04EC0-301F-11D3-BF4B-00C04F79EFBC}") = "BGSRestaurants.Infrastructure", ".\BGSRestaurants.Infrastructure\BGSRestaurants.Infrastructure.csproj", "{B5FB8C07-A7A9-40B8-8153-F45DAA6BD9B9}"
EndProject
Global
	GlobalSection(SolutionConfigurationPlatforms) = preSolution
		Debug|Any CPU = Debug|Any CPU
		Release|Any CPU = Release|Any CPU
	EndGlobalSection
	GlobalSection(ProjectConfigurationPlatforms) = postSolution
		{0D7BA2C1-BE52-4794-A4C7-DF52C7AB8913}.Debug|Any CPU.ActiveCfg = Debug|Any CPU
		{0D7BA2C1-BE52-4794-A4C7-DF52C7AB8913}.Debug|Any CPU.Build.0 = Debug|Any CPU
		{0D7BA2C1-BE52-4794-A4C7-DF52C7AB8913}.Release|Any CPU.ActiveCfg = Release|Any CPU
		{0D7BA2C1-BE52-4794-A4C7-DF52C7AB8913}.Release|Any CPU.Build.0 = Release|Any CPU
		{93B2E2A3-0E9B-4FCF-88A1-DA464ED0AC8A}.Debug|Any CPU.ActiveCfg = Debug|Any CPU
		{93B2E2A3-0E9B-4FCF-88A1-DA464ED0AC8A}.Debug|Any CPU.Build.0 = Debug|Any CPU
		{93B2E2A3-0E9B-4FCF-88A1-DA464ED0AC8A}.Release|Any CPU.ActiveCfg = Release|Any CPU
		{93B2E2A3-0E9B-4FCF-88A1-DA464ED0AC8A}.Release|Any CPU.Build.0 = Release|Any CPU
		{F94B2021-DE47-44C3-B1A7-39D41D98E38C}.Debug|Any CPU.ActiveCfg = Debug|Any CPU
		{F94B2021-DE47-44C3-B1A7-39D41D98E38C}.Debug|Any CPU.Build.0 = Debug|Any CPU
		{F94B2021-DE47-44C3-B1A7-39D41D98E38C}.Release|Any CPU.ActiveCfg = Release|Any CPU
		{F94B2021-DE47-44C3-B1A7-39D41D98E38C}.Release|Any CPU.Build.0 = Release|Any CPU
		{1BC78671-17C0-4BEC-BD52-63A826C267C2}.Debug|Any CPU.ActiveCfg = Debug|Any CPU
		{1BC78671-17C0-4BEC-BD52-63A826C267C2}.Debug|Any CPU.Build.0 = Debug|Any CPU
		{1BC78671-17C0-4BEC-BD52-63A826C267C2}.Release|Any CPU.ActiveCfg = Release|Any CPU
		{1BC78671-17C0-4BEC-BD52-63A826C267C2}.Release|Any CPU.Build.0 = Release|Any CPU
		{B5FB8C07-A7A9-40B8-8153-F45DAA6BD9B9}.Debug|Any CPU.ActiveCfg = Debug|Any CPU
		{B5FB8C07-A7A9-40B8-8153-F45DAA6BD9B9}.Debug|Any CPU.Build.0 = Debug|Any CPU
		{B5FB8C07-A7A9-40B8-8153-F45DAA6BD9B9}.Release|Any CPU.ActiveCfg = Release|Any CPU
		{B5FB8C07-A7A9-40B8-8153-F45DAA6BD9B9}.Release|Any CPU.Build.0 = Release|Any CPU
	EndGlobalSection
	GlobalSection(SolutionProperties) = preSolution
		HideSolutionNode = FALSE
	EndGlobalSection
	GlobalSection(ExtensibilityGlobals) = postSolution
		SolutionGuid = {34680088-3645-47D7-9954-1C8F6C6C5B32}
	EndGlobalSection
EndGlobal
